Microsoft Visual Studio Solution File, Format Version 11.00
# Visual Studio 2010
Project("{FAE04EC0-301F-11D3-BF4B-00C04F79EFBC}") = "Maneken3D", "Assembly-CSharp.csproj", "{8DB4AE65-D253-CC29-5DAC-F8C32292B2E5}"
EndProject
Project("{FAE04EC0-301F-11D3-BF4B-00C04F79EFBC}") = "Maneken3D", "Assembly-CSharp-Editor.csproj", "{3040F456-7FCB-F861-EE97-F066F516536E}"
EndProject
Global
	GlobalSection(SolutionConfigurationPlatforms) = preSolution
		Debug|Any CPU = Debug|Any CPU
		Release|Any CPU = Release|Any CPU
	EndGlobalSection
	GlobalSection(ProjectConfigurationPlatforms) = postSolution
		{8DB4AE65-D253-CC29-5DAC-F8C32292B2E5}.Debug|Any CPU.ActiveCfg = Debug|Any CPU
		{8DB4AE65-D253-CC29-5DAC-F8C32292B2E5}.Debug|Any CPU.Build.0 = Debug|Any CPU
		{8DB4AE65-D253-CC29-5DAC-F8C32292B2E5}.Release|Any CPU.ActiveCfg = Release|Any CPU
		{8DB4AE65-D253-CC29-5DAC-F8C32292B2E5}.Release|Any CPU.Build.0 = Release|Any CPU
		{3040F456-7FCB-F861-EE97-F066F516536E}.Debug|Any CPU.ActiveCfg = Debug|Any CPU
		{3040F456-7FCB-F861-EE97-F066F516536E}.Debug|Any CPU.Build.0 = Debug|Any CPU
		{3040F456-7FCB-F861-EE97-F066F516536E}.Release|Any CPU.ActiveCfg = Release|Any CPU
		{3040F456-7FCB-F861-EE97-F066F516536E}.Release|Any CPU.Build.0 = Release|Any CPU
	EndGlobalSection
	GlobalSection(MonoDevelopProperties) = preSolution
		StartupItem = Assembly-CSharp.csproj
	EndGlobalSection
EndGlobal
